
Microsoft Visual Studio Solution File, Format Version 12.00
# Visual Studio Version 17
VisualStudioVersion = 17.3.32929.385
MinimumVisualStudioVersion = 10.0.40219.1
Project("{FAE04EC0-301F-11D3-BF4B-00C04F79EFBC}") = "Entities", "Entities\Entities.csproj", "{97755440-64ED-4F89-9097-29D4D326021B}"
EndProject
Project("{FAE04EC0-301F-11D3-BF4B-00C04F79EFBC}") = "DataAccess", "DataAccess\DataAccess.csproj", "{3ECE75F6-2A8F-4ACB-BB90-33E8D234F83D}"
EndProject
Project("{FAE04EC0-301F-11D3-BF4B-00C04F79EFBC}") = "Business", "Business\Business.csproj", "{A7AD5ED7-E00D-49E1-BC28-ABD23C4605DF}"
EndProject
Project("{FAE04EC0-301F-11D3-BF4B-00C04F79EFBC}") = "AdminUI", "AdminUI\AdminUI.csproj", "{0021DDB1-0794-4707-9306-ADD4D993AD4F}"
EndProject
Global
	GlobalSection(SolutionConfigurationPlatforms) = preSolution
		Debug|Any CPU = Debug|Any CPU
		Release|Any CPU = Release|Any CPU
	EndGlobalSection
	GlobalSection(ProjectConfigurationPlatforms) = postSolution
		{97755440-64ED-4F89-9097-29D4D326021B}.Debug|Any CPU.ActiveCfg = Debug|Any CPU
		{97755440-64ED-4F89-9097-29D4D326021B}.Debug|Any CPU.Build.0 = Debug|Any CPU
		{97755440-64ED-4F89-9097-29D4D326021B}.Release|Any CPU.ActiveCfg = Release|Any CPU
		{97755440-64ED-4F89-9097-29D4D326021B}.Release|Any CPU.Build.0 = Release|Any CPU
		{3ECE75F6-2A8F-4ACB-BB90-33E8D234F83D}.Debug|Any CPU.ActiveCfg = Debug|Any CPU
		{3ECE75F6-2A8F-4ACB-BB90-33E8D234F83D}.Debug|Any CPU.Build.0 = Debug|Any CPU
		{3ECE75F6-2A8F-4ACB-BB90-33E8D234F83D}.Release|Any CPU.ActiveCfg = Release|Any CPU
		{3ECE75F6-2A8F-4ACB-BB90-33E8D234F83D}.Release|Any CPU.Build.0 = Release|Any CPU
		{A7AD5ED7-E00D-49E1-BC28-ABD23C4605DF}.Debug|Any CPU.ActiveCfg = Debug|Any CPU
		{A7AD5ED7-E00D-49E1-BC28-ABD23C4605DF}.Debug|Any CPU.Build.0 = Debug|Any CPU
		{A7AD5ED7-E00D-49E1-BC28-ABD23C4605DF}.Release|Any CPU.ActiveCfg = Release|Any CPU
		{A7AD5ED7-E00D-49E1-BC28-ABD23C4605DF}.Release|Any CPU.Build.0 = Release|Any CPU
		{0021DDB1-0794-4707-9306-ADD4D993AD4F}.Debug|Any CPU.ActiveCfg = Debug|Any CPU
		{0021DDB1-0794-4707-9306-ADD4D993AD4F}.Debug|Any CPU.Build.0 = Debug|Any CPU
		{0021DDB1-0794-4707-9306-ADD4D993AD4F}.Release|Any CPU.ActiveCfg = Release|Any CPU
		{0021DDB1-0794-4707-9306-ADD4D993AD4F}.Release|Any CPU.Build.0 = Release|Any CPU
	EndGlobalSection
	GlobalSection(SolutionProperties) = preSolution
		HideSolutionNode = FALSE
	EndGlobalSection
	GlobalSection(ExtensibilityGlobals) = postSolution
		SolutionGuid = {B94037EB-E09F-4885-81FF-26E846C6E6D7}
	EndGlobalSection
EndGlobal
